// !$*UTF8*$!
{
	archiveVersion = 1;
	classes = {
	};
	objectVersion = 45;
	objects = {

/* Begin PBXBuildFile section */
		1D3623260D0F684500981E51 /* AppDelegate_iPad.m in Sources */ = {isa = PBXBuildFile; fileRef = 1D3623250D0F684500981E51 /* AppDelegate_iPad.m */; };
		1D60589B0D05DD56006BFB54 /* main.m in Sources */ = {isa = PBXBuildFile; fileRef = 29B97316FDCFA39411CA2CEA /* main.m */; };
		1D60589F0D05DD5A006BFB54 /* Foundation.framework in Frameworks */ = {isa = PBXBuildFile; fileRef = 1D30AB110D05D00D00671497 /* Foundation.framework */; };
		1DF5F4E00D08C38300B7A737 /* UIKit.framework in Frameworks */ = {isa = PBXBuildFile; fileRef = 1DF5F4DF0D08C38300B7A737 /* UIKit.framework */; };
		2819307D112F81BE00ECF9B4 /* Blogcastr.xcdatamodeld in Sources */ = {isa = PBXBuildFile; fileRef = 2819307C112F81BE00ECF9B4 /* Blogcastr.xcdatamodeld */; };
		2860E38A111B897F00E27156 /* AppDelegate_iPhone.m in Sources */ = {isa = PBXBuildFile; fileRef = 2860E388111B897F00E27156 /* AppDelegate_iPhone.m */; };
		2860E38B111B897F00E27156 /* MainWindow_iPhone.xib in Resources */ = {isa = PBXBuildFile; fileRef = 2860E389111B897F00E27156 /* MainWindow_iPhone.xib */; };
		288765FD0DF74451002DB57D /* CoreGraphics.framework in Frameworks */ = {isa = PBXBuildFile; fileRef = 288765FC0DF74451002DB57D /* CoreGraphics.framework */; };
		28AD733F0D9D9553002E5188 /* MainWindow_iPad.xib in Resources */ = {isa = PBXBuildFile; fileRef = 28AD733E0D9D9553002E5188 /* MainWindow_iPad.xib */; };
		28EEBFDD1118E19E00187D67 /* CoreData.framework in Frameworks */ = {isa = PBXBuildFile; fileRef = 28EEBFDC1118E19E00187D67 /* CoreData.framework */; };
		28EEC04B1118E28000187D67 /* AppDelegate_Shared.m in Sources */ = {isa = PBXBuildFile; fileRef = 28EEC04A1118E28000187D67 /* AppDelegate_Shared.m */; };
		3201088596B4756681693705 /* libThree20UICommon.a in Frameworks */ = {isa = PBXBuildFile; fileRef = 3201088596B4756681693704 /* libThree20UICommon.a */; };
		320A2827FEC940B25BC42C65 /* libThree20Core.a in Frameworks */ = {isa = PBXBuildFile; fileRef = 320A2827FEC940B25BC42C64 /* libThree20Core.a */; };
		320A5A189C235877202780D5 /* libThree20Network.a in Frameworks */ = {isa = PBXBuildFile; fileRef = 320A5A189C235877202780D4 /* libThree20Network.a */; };
		320A737074758E53BA54BE95 /* libThree20UINavigator.a in Frameworks */ = {isa = PBXBuildFile; fileRef = 320A737074758E53BA54BE94 /* libThree20UINavigator.a */; };
		320AF8492C47A4D819F7C451 /* QuartzCore.framework in Frameworks */ = {isa = PBXBuildFile; fileRef = 320AF8492C47A4D819F7C450 /* QuartzCore.framework */; };
		320CC833B8AF0ACFD35E6225 /* libThree20Style.a in Frameworks */ = {isa = PBXBuildFile; fileRef = 320CC833B8AF0ACFD35E6224 /* libThree20Style.a */; };
		320D7DCCE32703ACAB9A45E5 /* libThree20.a in Frameworks */ = {isa = PBXBuildFile; fileRef = 320D7DCCE32703ACAB9A45E4 /* libThree20.a */; };
		320F2C48872C2E2C4DF86205 /* libThree20UI.a in Frameworks */ = {isa = PBXBuildFile; fileRef = 320F2C48872C2E2C4DF86204 /* libThree20UI.a */; };
		CA58CB68133E78FA00BBC5D9 /* Three20.bundle in Resources */ = {isa = PBXBuildFile; fileRef = CA58CB67133E78FA00BBC5D9 /* Three20.bundle */; };
		CA58CC0C13415F0E00BBC5D9 /* ImageViewerController.m in Sources */ = {isa = PBXBuildFile; fileRef = CA58CC0B13415F0E00BBC5D9 /* ImageViewerController.m */; };
		CA59BBFF131339F600416E4D /* SignInView_iPhone.xib in Resources */ = {isa = PBXBuildFile; fileRef = CA59BBFE131339F600416E4D /* SignInView_iPhone.xib */; };
		CA59BC0513133A0D00416E4D /* Session.m in Sources */ = {isa = PBXBuildFile; fileRef = CA59BC0113133A0D00416E4D /* Session.m */; };
		CA59BCB6131381E900416E4D /* RootController_iPhone.m in Sources */ = {isa = PBXBuildFile; fileRef = CA59BCB4131381E900416E4D /* RootController_iPhone.m */; };
		CA59BCBC131384ED00416E4D /* SettingsController.m in Sources */ = {isa = PBXBuildFile; fileRef = CA59BCBB131384ED00416E4D /* SettingsController.m */; };
		CA59BDBE1318D68100416E4D /* TabToolbarController.m in Sources */ = {isa = PBXBuildFile; fileRef = CA59BDBD1318D68100416E4D /* TabToolbarController.m */; };
		CA59BE1513198E1F00416E4D /* TabToolbar.xib in Resources */ = {isa = PBXBuildFile; fileRef = CA59BE1413198E1F00416E4D /* TabToolbar.xib */; };
		CA59BE5D13199D7A00416E4D /* HomeController.m in Sources */ = {isa = PBXBuildFile; fileRef = CA59BE5B13199D7A00416E4D /* HomeController.m */; };
		CA59BE991319BA2E00416E4D /* SignInController.m in Sources */ = {isa = PBXBuildFile; fileRef = CA59BE971319BA2E00416E4D /* SignInController.m */; };
		CA59C38E1322FCE500416E4D /* UserController.m in Sources */ = {isa = PBXBuildFile; fileRef = CA59C38D1322FCE500416E4D /* UserController.m */; };
		CA59C57A1325D6AA00416E4D /* User.m in Sources */ = {isa = PBXBuildFile; fileRef = CA59C5791325D6AA00416E4D /* User.m */; };
		CA59C57F1325D7ED00416E4D /* Settings.m in Sources */ = {isa = PBXBuildFile; fileRef = CA59C57E1325D7ED00416E4D /* Settings.m */; };
		CA59C918132C5D3900416E4D /* BlogcastrStyleSheet.m in Sources */ = {isa = PBXBuildFile; fileRef = CA59C917132C5D3900416E4D /* BlogcastrStyleSheet.m */; };
		CA59CBA5132DE31C00416E4D /* logo~iphone.png in Resources */ = {isa = PBXBuildFile; fileRef = CA59CBA4132DE31C00416E4D /* logo~iphone.png */; };
		CA59CBA7132DE32700416E4D /* logo@2x~iphone.png in Resources */ = {isa = PBXBuildFile; fileRef = CA59CBA6132DE32700416E4D /* logo@2x~iphone.png */; };
		CA74E0831351778F00788D04 /* RequestServer.m in Sources */ = {isa = PBXBuildFile; fileRef = CA74E0821351778F00788D04 /* RequestServer.m */; };
		CA74E0B4135202B300788D04 /* Request.m in Sources */ = {isa = PBXBuildFile; fileRef = CA74E0B3135202B300788D04 /* Request.m */; };
		CA74E0CB1352071D00788D04 /* BlogcastsRequest.m in Sources */ = {isa = PBXBuildFile; fileRef = CA74E0CA1352071D00788D04 /* BlogcastsRequest.m */; };
		CA74E2481353F3AF00788D04 /* Reachability.m in Sources */ = {isa = PBXBuildFile; fileRef = CA74E2471353F3AF00788D04 /* Reachability.m */; };
		CA74E25B1353F3F000788D04 /* ASIAuthenticationDialog.m in Sources */ = {isa = PBXBuildFile; fileRef = CA74E24A1353F3F000788D04 /* ASIAuthenticationDialog.m */; };
		CA74E25C1353F3F000788D04 /* ASIDataCompressor.m in Sources */ = {isa = PBXBuildFile; fileRef = CA74E24D1353F3F000788D04 /* ASIDataCompressor.m */; };
		CA74E25D1353F3F000788D04 /* ASIDataDecompressor.m in Sources */ = {isa = PBXBuildFile; fileRef = CA74E24F1353F3F000788D04 /* ASIDataDecompressor.m */; };
		CA74E25E1353F3F000788D04 /* ASIDownloadCache.m in Sources */ = {isa = PBXBuildFile; fileRef = CA74E2511353F3F000788D04 /* ASIDownloadCache.m */; };
		CA74E25F1353F3F000788D04 /* ASIFormDataRequest.m in Sources */ = {isa = PBXBuildFile; fileRef = CA74E2531353F3F000788D04 /* ASIFormDataRequest.m */; };
		CA74E2601353F3F000788D04 /* ASIHTTPRequest.m in Sources */ = {isa = PBXBuildFile; fileRef = CA74E2551353F3F000788D04 /* ASIHTTPRequest.m */; };
		CA74E2611353F3F000788D04 /* ASIInputStream.m in Sources */ = {isa = PBXBuildFile; fileRef = CA74E2591353F3F000788D04 /* ASIInputStream.m */; };
		CA74E2641353F3FB00788D04 /* ASINetworkQueue.m in Sources */ = {isa = PBXBuildFile; fileRef = CA74E2621353F3FB00788D04 /* ASINetworkQueue.m */; };
		CA74E2801353F54500788D04 /* CFNetwork.framework in Frameworks */ = {isa = PBXBuildFile; fileRef = CA74E27F1353F54500788D04 /* CFNetwork.framework */; };
		CA74E2821353F55B00788D04 /* SystemConfiguration.framework in Frameworks */ = {isa = PBXBuildFile; fileRef = CA74E2811353F55B00788D04 /* SystemConfiguration.framework */; };
		CA74E2841353F56B00788D04 /* MobileCoreServices.framework in Frameworks */ = {isa = PBXBuildFile; fileRef = CA74E2831353F56B00788D04 /* MobileCoreServices.framework */; };
		CA74E2861353F58800788D04 /* libz.1.2.3.dylib in Frameworks */ = {isa = PBXBuildFile; fileRef = CA74E2851353F58800788D04 /* libz.1.2.3.dylib */; };
		CA74E2921353F8F000788D04 /* MBProgressHUD.m in Sources */ = {isa = PBXBuildFile; fileRef = CA74E2911353F8F000788D04 /* MBProgressHUD.m */; };
		CA74E2CD13553B8D00788D04 /* BlogcastsParser.m in Sources */ = {isa = PBXBuildFile; fileRef = CA74E2CC13553B8D00788D04 /* BlogcastsParser.m */; };
		CA74E2FC13569FA800788D04 /* BlogcastStreamCell.m in Sources */ = {isa = PBXBuildFile; fileRef = CA74E2FB13569FA800788D04 /* BlogcastStreamCell.m */; };
		CA9A457113612B4B00E10E51 /* SettingsParser.m in Sources */ = {isa = PBXBuildFile; fileRef = CA9A457013612B4B00E10E51 /* SettingsParser.m */; };
		CA9A4672136368F500E10E51 /* NewBlogcastController.m in Sources */ = {isa = PBXBuildFile; fileRef = CA9A4671136368F500E10E51 /* NewBlogcastController.m */; };
		CA9A47671366709600E10E51 /* DatePickerController.m in Sources */ = {isa = PBXBuildFile; fileRef = CA9A47661366709600E10E51 /* DatePickerController.m */; };
		CA9A4857136926C600E10E51 /* TextViewWithPlaceholder.m in Sources */ = {isa = PBXBuildFile; fileRef = CA9A4856136926C600E10E51 /* TextViewWithPlaceholder.m */; };
		CA9A49AC136C87F400E10E51 /* DashboardController.m in Sources */ = {isa = PBXBuildFile; fileRef = CA9A49AB136C87F400E10E51 /* DashboardController.m */; };
		CA9A49D5136C958C00E10E51 /* PostsController.m in Sources */ = {isa = PBXBuildFile; fileRef = CA9A49D4136C958C00E10E51 /* PostsController.m */; };
		CA9A4B48136E225A00E10E51 /* NewTextPostController.m in Sources */ = {isa = PBXBuildFile; fileRef = CA9A4B47136E225A00E10E51 /* NewTextPostController.m */; };
		CAC184F3134A94E0006DF673 /* BlogcastrTableViewCell.m in Sources */ = {isa = PBXBuildFile; fileRef = CAC184F2134A94E0006DF673 /* BlogcastrTableViewCell.m */; };
		CAC18754134EB52F006DF673 /* NSDate+Timestamp.m in Sources */ = {isa = PBXBuildFile; fileRef = CAC18753134EB52F006DF673 /* NSDate+Timestamp.m */; };
		CAFA7C931346F9230077AD98 /* avatar.png in Resources */ = {isa = PBXBuildFile; fileRef = CAFA7C921346F9230077AD98 /* avatar.png */; };
		CAFA7CA913477C020077AD98 /* BlogcastsController.m in Sources */ = {isa = PBXBuildFile; fileRef = CAFA7CA813477C020077AD98 /* BlogcastsController.m */; };
		CAFA7E3F134951170077AD98 /* Blogcast.m in Sources */ = {isa = PBXBuildFile; fileRef = CAFA7E3E134951170077AD98 /* Blogcast.m */; };
/* End PBXBuildFile section */

/* Begin PBXContainerItemProxy section */
		3201088596B4756681693702 /* PBXContainerItemProxy */ = {
			isa = PBXContainerItemProxy;
			containerPortal = 3201088596B4756681693700 /* Three20UICommon.xcodeproj */;
			proxyType = 1;
			remoteGlobalIDString = BEF31F390F352DF5000DE5D2;
			remoteInfo = Three20UICommon;
		};
		3201088596B4756681693706 /* PBXContainerItemProxy */ = {
			isa = PBXContainerItemProxy;
			containerPortal = 3201088596B4756681693700 /* Three20UICommon.xcodeproj */;
			proxyType = 2;
			remoteGlobalIDString = BEF31F3A0F352DF5000DE5D2;
			remoteInfo = Three20UICommon;
		};
		320A2827FEC940B25BC42C62 /* PBXContainerItemProxy */ = {
			isa = PBXContainerItemProxy;
			containerPortal = 320A2827FEC940B25BC42C60 /* Three20Core.xcodeproj */;
			proxyType = 1;
			remoteGlobalIDString = BEF31F390F352DF5000DE5D2;
			remoteInfo = Three20Core;
		};
		320A2827FEC940B25BC42C66 /* PBXContainerItemProxy */ = {
			isa = PBXContainerItemProxy;
			containerPortal = 320A2827FEC940B25BC42C60 /* Three20Core.xcodeproj */;
			proxyType = 2;
			remoteGlobalIDString = BEF31F3A0F352DF5000DE5D2;
			remoteInfo = Three20Core;
		};
		320A5A189C235877202780D2 /* PBXContainerItemProxy */ = {
			isa = PBXContainerItemProxy;
			containerPortal = 320A5A189C235877202780D0 /* Three20Network.xcodeproj */;
			proxyType = 1;
			remoteGlobalIDString = BEF31F390F352DF5000DE5D2;
			remoteInfo = Three20Network;
		};
		320A5A189C235877202780D6 /* PBXContainerItemProxy */ = {
			isa = PBXContainerItemProxy;
			containerPortal = 320A5A189C235877202780D0 /* Three20Network.xcodeproj */;
			proxyType = 2;
			remoteGlobalIDString = BEF31F3A0F352DF5000DE5D2;
			remoteInfo = Three20Network;
		};
		320A737074758E53BA54BE92 /* PBXContainerItemProxy */ = {
			isa = PBXContainerItemProxy;
			containerPortal = 320A737074758E53BA54BE90 /* Three20UINavigator.xcodeproj */;
			proxyType = 1;
			remoteGlobalIDString = BEF31F390F352DF5000DE5D2;
			remoteInfo = Three20UINavigator;
		};
		320A737074758E53BA54BE96 /* PBXContainerItemProxy */ = {
			isa = PBXContainerItemProxy;
			containerPortal = 320A737074758E53BA54BE90 /* Three20UINavigator.xcodeproj */;
			proxyType = 2;
			remoteGlobalIDString = BEF31F3A0F352DF5000DE5D2;
			remoteInfo = Three20UINavigator;
		};
		320CC833B8AF0ACFD35E6222 /* PBXContainerItemProxy */ = {
			isa = PBXContainerItemProxy;
			containerPortal = 320CC833B8AF0ACFD35E6220 /* Three20Style.xcodeproj */;
			proxyType = 1;
			remoteGlobalIDString = BEF31F390F352DF5000DE5D2;
			remoteInfo = Three20Style;
		};
		320CC833B8AF0ACFD35E6226 /* PBXContainerItemProxy */ = {
			isa = PBXContainerItemProxy;
			containerPortal = 320CC833B8AF0ACFD35E6220 /* Three20Style.xcodeproj */;
			proxyType = 2;
			remoteGlobalIDString = BEF31F3A0F352DF5000DE5D2;
			remoteInfo = Three20Style;
		};
		320D7DCCE32703ACAB9A45E2 /* PBXContainerItemProxy */ = {
			isa = PBXContainerItemProxy;
			containerPortal = 320D7DCCE32703ACAB9A45E0 /* Three20.xcodeproj */;
			proxyType = 1;
			remoteGlobalIDString = BEF31F390F352DF5000DE5D2;
			remoteInfo = Three20;
		};
		320D7DCCE32703ACAB9A45E6 /* PBXContainerItemProxy */ = {
			isa = PBXContainerItemProxy;
			containerPortal = 320D7DCCE32703ACAB9A45E0 /* Three20.xcodeproj */;
			proxyType = 2;
			remoteGlobalIDString = BEF31F3A0F352DF5000DE5D2;
			remoteInfo = Three20;
		};
		320F2C48872C2E2C4DF86202 /* PBXContainerItemProxy */ = {
			isa = PBXContainerItemProxy;
			containerPortal = 320F2C48872C2E2C4DF86200 /* Three20UI.xcodeproj */;
			proxyType = 1;
			remoteGlobalIDString = BEF31F390F352DF5000DE5D2;
			remoteInfo = Three20UI;
		};
		320F2C48872C2E2C4DF86206 /* PBXContainerItemProxy */ = {
			isa = PBXContainerItemProxy;
			containerPortal = 320F2C48872C2E2C4DF86200 /* Three20UI.xcodeproj */;
			proxyType = 2;
			remoteGlobalIDString = BEF31F3A0F352DF5000DE5D2;
			remoteInfo = Three20UI;
		};
		CA59C83B132BDD1400416E4D /* PBXContainerItemProxy */ = {
			isa = PBXContainerItemProxy;
			containerPortal = 3201088596B4756681693700 /* Three20UICommon.xcodeproj */;
			proxyType = 2;
			remoteGlobalIDString = EB9E6C6210B6A8F800DE563C;
			remoteInfo = Three20UICommonUnitTests;
		};
		CA59C83E132BDD1400416E4D /* PBXContainerItemProxy */ = {
			isa = PBXContainerItemProxy;
			containerPortal = 320D7DCCE32703ACAB9A45E0 /* Three20.xcodeproj */;
			proxyType = 2;
			remoteGlobalIDString = EB9E6C6210B6A8F800DE563C;
			remoteInfo = Three20UnitTests;
		};
		CA59C841132BDD1400416E4D /* PBXContainerItemProxy */ = {
			isa = PBXContainerItemProxy;
			containerPortal = 320A737074758E53BA54BE90 /* Three20UINavigator.xcodeproj */;
			proxyType = 2;
			remoteGlobalIDString = EB9E6C6210B6A8F800DE563C;
			remoteInfo = Three20UINavigatorUnitTests;
		};
		CA59C844132BDD1400416E4D /* PBXContainerItemProxy */ = {
			isa = PBXContainerItemProxy;
			containerPortal = 320A2827FEC940B25BC42C60 /* Three20Core.xcodeproj */;
			proxyType = 2;
			remoteGlobalIDString = EB9E6C6210B6A8F800DE563C;
			remoteInfo = Three20CoreUnitTests;
		};
		CA59C847132BDD1400416E4D /* PBXContainerItemProxy */ = {
			isa = PBXContainerItemProxy;
			containerPortal = 320F2C48872C2E2C4DF86200 /* Three20UI.xcodeproj */;
			proxyType = 2;
			remoteGlobalIDString = EB9E6C6210B6A8F800DE563C;
			remoteInfo = Three20UIUnitTests;
		};
		CA59C84A132BDD1400416E4D /* PBXContainerItemProxy */ = {
			isa = PBXContainerItemProxy;
			containerPortal = 320A5A189C235877202780D0 /* Three20Network.xcodeproj */;
			proxyType = 2;
			remoteGlobalIDString = EB9E6C6210B6A8F800DE563C;
			remoteInfo = Three20NetworkUnitTests;
		};
		CA59C84D132BDD1400416E4D /* PBXContainerItemProxy */ = {
			isa = PBXContainerItemProxy;
			containerPortal = 320CC833B8AF0ACFD35E6220 /* Three20Style.xcodeproj */;
			proxyType = 2;
			remoteGlobalIDString = EB9E6C6210B6A8F800DE563C;
			remoteInfo = Three20StyleUnitTests;
		};
/* End PBXContainerItemProxy section */

/* Begin PBXFileReference section */
		1D30AB110D05D00D00671497 /* Foundation.framework */ = {isa = PBXFileReference; lastKnownFileType = wrapper.framework; name = Foundation.framework; path = System/Library/Frameworks/Foundation.framework; sourceTree = SDKROOT; };
		1D3623240D0F684500981E51 /* AppDelegate_iPad.h */ = {isa = PBXFileReference; fileEncoding = 4; lastKnownFileType = sourcecode.c.h; name = AppDelegate_iPad.h; path = iPad/AppDelegate_iPad.h; sourceTree = "<group>"; };
		1D3623250D0F684500981E51 /* AppDelegate_iPad.m */ = {isa = PBXFileReference; fileEncoding = 4; lastKnownFileType = sourcecode.c.objc; name = AppDelegate_iPad.m; path = iPad/AppDelegate_iPad.m; sourceTree = "<group>"; };
		1D6058910D05DD3D006BFB54 /* Blogcastr.app */ = {isa = PBXFileReference; explicitFileType = wrapper.application; includeInIndex = 0; path = Blogcastr.app; sourceTree = BUILT_PRODUCTS_DIR; };
		1DF5F4DF0D08C38300B7A737 /* UIKit.framework */ = {isa = PBXFileReference; lastKnownFileType = wrapper.framework; name = UIKit.framework; path = System/Library/Frameworks/UIKit.framework; sourceTree = SDKROOT; };
		2860E387111B897F00E27156 /* AppDelegate_iPhone.h */ = {isa = PBXFileReference; fileEncoding = 4; lastKnownFileType = sourcecode.c.h; path = AppDelegate_iPhone.h; sourceTree = "<group>"; };
		2860E388111B897F00E27156 /* AppDelegate_iPhone.m */ = {isa = PBXFileReference; fileEncoding = 4; lastKnownFileType = sourcecode.c.objc; path = AppDelegate_iPhone.m; sourceTree = "<group>"; };
		2860E389111B897F00E27156 /* MainWindow_iPhone.xib */ = {isa = PBXFileReference; lastKnownFileType = file.xib; path = MainWindow_iPhone.xib; sourceTree = "<group>"; };
		2870939E111907710040F596 /* Blogcastr.xcdatamodel */ = {isa = PBXFileReference; fileEncoding = 4; lastKnownFileType = wrapper.xcdatamodel; path = Blogcastr.xcdatamodel; sourceTree = "<group>"; };
		288765FC0DF74451002DB57D /* CoreGraphics.framework */ = {isa = PBXFileReference; lastKnownFileType = wrapper.framework; name = CoreGraphics.framework; path = System/Library/Frameworks/CoreGraphics.framework; sourceTree = SDKROOT; };
		28AD733E0D9D9553002E5188 /* MainWindow_iPad.xib */ = {isa = PBXFileReference; lastKnownFileType = file.xib; name = MainWindow_iPad.xib; path = iPad/MainWindow_iPad.xib; sourceTree = "<group>"; };
		28EEBFDC1118E19E00187D67 /* CoreData.framework */ = {isa = PBXFileReference; lastKnownFileType = wrapper.framework; name = CoreData.framework; path = System/Library/Frameworks/CoreData.framework; sourceTree = SDKROOT; };
		28EEC0491118E28000187D67 /* AppDelegate_Shared.h */ = {isa = PBXFileReference; fileEncoding = 4; lastKnownFileType = sourcecode.c.h; name = AppDelegate_Shared.h; path = Shared/AppDelegate_Shared.h; sourceTree = "<group>"; };
		28EEC04A1118E28000187D67 /* AppDelegate_Shared.m */ = {isa = PBXFileReference; fileEncoding = 4; lastKnownFileType = sourcecode.c.objc; name = AppDelegate_Shared.m; path = Shared/AppDelegate_Shared.m; sourceTree = "<group>"; };
		29B97316FDCFA39411CA2CEA /* main.m */ = {isa = PBXFileReference; fileEncoding = 4; lastKnownFileType = sourcecode.c.objc; name = main.m; path = Shared/main.m; sourceTree = "<group>"; };
		3201088596B4756681693700 /* Three20UICommon.xcodeproj */ = {isa = PBXFileReference; lastKnownFileType = "wrapper.pb-project"; name = Three20UICommon.xcodeproj; path = ../three20/src/Three20UICommon/Three20UICommon.xcodeproj; sourceTree = SOURCE_ROOT; };
		320A2827FEC940B25BC42C60 /* Three20Core.xcodeproj */ = {isa = PBXFileReference; lastKnownFileType = "wrapper.pb-project"; name = Three20Core.xcodeproj; path = ../three20/src/Three20Core/Three20Core.xcodeproj; sourceTree = SOURCE_ROOT; };
		320A5A189C235877202780D0 /* Three20Network.xcodeproj */ = {isa = PBXFileReference; lastKnownFileType = "wrapper.pb-project"; name = Three20Network.xcodeproj; path = ../three20/src/Three20Network/Three20Network.xcodeproj; sourceTree = SOURCE_ROOT; };
		320A737074758E53BA54BE90 /* Three20UINavigator.xcodeproj */ = {isa = PBXFileReference; lastKnownFileType = "wrapper.pb-project"; name = Three20UINavigator.xcodeproj; path = ../three20/src/Three20UINavigator/Three20UINavigator.xcodeproj; sourceTree = SOURCE_ROOT; };
		320AF8492C47A4D819F7C450 /* QuartzCore.framework */ = {isa = PBXFileReference; lastKnownFileType = wrapper.framework; name = QuartzCore.framework; path = System/Library/Frameworks/QuartzCore.framework; sourceTree = SDKROOT; };
		320CC833B8AF0ACFD35E6220 /* Three20Style.xcodeproj */ = {isa = PBXFileReference; lastKnownFileType = "wrapper.pb-project"; name = Three20Style.xcodeproj; path = ../three20/src/Three20Style/Three20Style.xcodeproj; sourceTree = SOURCE_ROOT; };
		320D7DCCE32703ACAB9A45E0 /* Three20.xcodeproj */ = {isa = PBXFileReference; lastKnownFileType = "wrapper.pb-project"; name = Three20.xcodeproj; path = ../three20/src/Three20/Three20.xcodeproj; sourceTree = SOURCE_ROOT; };
		320F2C48872C2E2C4DF86200 /* Three20UI.xcodeproj */ = {isa = PBXFileReference; lastKnownFileType = "wrapper.pb-project"; name = Three20UI.xcodeproj; path = ../three20/src/Three20UI/Three20UI.xcodeproj; sourceTree = SOURCE_ROOT; };
		32CA4F630368D1EE00C91783 /* Blogcastr_Prefix.pch */ = {isa = PBXFileReference; fileEncoding = 4; lastKnownFileType = sourcecode.c.h; path = Blogcastr_Prefix.pch; sourceTree = "<group>"; };
		8D1107310486CEB800E47090 /* Blogcastr-Info.plist */ = {isa = PBXFileReference; fileEncoding = 4; lastKnownFileType = text.plist.xml; path = "Blogcastr-Info.plist"; plistStructureDefinitionIdentifier = "com.apple.xcode.plist.structure-definition.iphone.info-plist"; sourceTree = "<group>"; };
		CA58CB67133E78FA00BBC5D9 /* Three20.bundle */ = {isa = PBXFileReference; lastKnownFileType = "wrapper.plug-in"; name = Three20.bundle; path = ../three20/src/Three20.bundle; sourceTree = SOURCE_ROOT; };
		CA58CC0A13415F0E00BBC5D9 /* ImageViewerController.h */ = {isa = PBXFileReference; fileEncoding = 4; lastKnownFileType = sourcecode.c.h; path = ImageViewerController.h; sourceTree = "<group>"; };
		CA58CC0B13415F0E00BBC5D9 /* ImageViewerController.m */ = {isa = PBXFileReference; fileEncoding = 4; lastKnownFileType = sourcecode.c.objc; path = ImageViewerController.m; sourceTree = "<group>"; };
		CA59BBFE131339F600416E4D /* SignInView_iPhone.xib */ = {isa = PBXFileReference; lastKnownFileType = file.xib; path = SignInView_iPhone.xib; sourceTree = "<group>"; };
		CA59BC0013133A0D00416E4D /* Session.h */ = {isa = PBXFileReference; fileEncoding = 4; lastKnownFileType = sourcecode.c.h; path = Session.h; sourceTree = "<group>"; };
		CA59BC0113133A0D00416E4D /* Session.m */ = {isa = PBXFileReference; fileEncoding = 4; lastKnownFileType = sourcecode.c.objc; path = Session.m; sourceTree = "<group>"; };
		CA59BCB3131381E900416E4D /* RootController_iPhone.h */ = {isa = PBXFileReference; fileEncoding = 4; lastKnownFileType = sourcecode.c.h; path = RootController_iPhone.h; sourceTree = "<group>"; };
		CA59BCB4131381E900416E4D /* RootController_iPhone.m */ = {isa = PBXFileReference; fileEncoding = 4; lastKnownFileType = sourcecode.c.objc; path = RootController_iPhone.m; sourceTree = "<group>"; };
		CA59BCBA131384ED00416E4D /* SettingsController.h */ = {isa = PBXFileReference; fileEncoding = 4; lastKnownFileType = sourcecode.c.h; path = SettingsController.h; sourceTree = "<group>"; };
		CA59BCBB131384ED00416E4D /* SettingsController.m */ = {isa = PBXFileReference; fileEncoding = 4; lastKnownFileType = sourcecode.c.objc; path = SettingsController.m; sourceTree = "<group>"; };
		CA59BDBC1318D68100416E4D /* TabToolbarController.h */ = {isa = PBXFileReference; fileEncoding = 4; lastKnownFileType = sourcecode.c.h; path = TabToolbarController.h; sourceTree = "<group>"; };
		CA59BDBD1318D68100416E4D /* TabToolbarController.m */ = {isa = PBXFileReference; fileEncoding = 4; lastKnownFileType = sourcecode.c.objc; path = TabToolbarController.m; sourceTree = "<group>"; };
		CA59BE1413198E1F00416E4D /* TabToolbar.xib */ = {isa = PBXFileReference; lastKnownFileType = file.xib; path = TabToolbar.xib; sourceTree = "<group>"; };
		CA59BE5A13199D7A00416E4D /* HomeController.h */ = {isa = PBXFileReference; fileEncoding = 4; lastKnownFileType = sourcecode.c.h; path = HomeController.h; sourceTree = "<group>"; };
		CA59BE5B13199D7A00416E4D /* HomeController.m */ = {isa = PBXFileReference; fileEncoding = 4; lastKnownFileType = sourcecode.c.objc; path = HomeController.m; sourceTree = "<group>"; };
		CA59BE961319BA2E00416E4D /* SignInController.h */ = {isa = PBXFileReference; fileEncoding = 4; lastKnownFileType = sourcecode.c.h; path = SignInController.h; sourceTree = "<group>"; };
		CA59BE971319BA2E00416E4D /* SignInController.m */ = {isa = PBXFileReference; fileEncoding = 4; lastKnownFileType = sourcecode.c.objc; path = SignInController.m; sourceTree = "<group>"; };
		CA59C38C1322FCE500416E4D /* UserController.h */ = {isa = PBXFileReference; fileEncoding = 4; lastKnownFileType = sourcecode.c.h; name = UserController.h; path = iPhone/UserController.h; sourceTree = "<group>"; };
		CA59C38D1322FCE500416E4D /* UserController.m */ = {isa = PBXFileReference; fileEncoding = 4; lastKnownFileType = sourcecode.c.objc; name = UserController.m; path = iPhone/UserController.m; sourceTree = "<group>"; };
		CA59C51E132453CD00416E4D /* Request.h */ = {isa = PBXFileReference; fileEncoding = 4; lastKnownFileType = sourcecode.c.h; path = Request.h; sourceTree = "<group>"; };
		CA59C5781325D6AA00416E4D /* User.h */ = {isa = PBXFileReference; fileEncoding = 4; lastKnownFileType = sourcecode.c.h; name = User.h; path = Shared/User.h; sourceTree = "<group>"; };
		CA59C5791325D6AA00416E4D /* User.m */ = {isa = PBXFileReference; fileEncoding = 4; lastKnownFileType = sourcecode.c.objc; name = User.m; path = Shared/User.m; sourceTree = "<group>"; };
		CA59C57D1325D7ED00416E4D /* Settings.h */ = {isa = PBXFileReference; fileEncoding = 4; lastKnownFileType = sourcecode.c.h; name = Settings.h; path = Shared/Settings.h; sourceTree = "<group>"; };
		CA59C57E1325D7ED00416E4D /* Settings.m */ = {isa = PBXFileReference; fileEncoding = 4; lastKnownFileType = sourcecode.c.objc; name = Settings.m; path = Shared/Settings.m; sourceTree = "<group>"; };
		CA59C916132C5D3900416E4D /* BlogcastrStyleSheet.h */ = {isa = PBXFileReference; fileEncoding = 4; lastKnownFileType = sourcecode.c.h; path = BlogcastrStyleSheet.h; sourceTree = "<group>"; };
		CA59C917132C5D3900416E4D /* BlogcastrStyleSheet.m */ = {isa = PBXFileReference; fileEncoding = 4; lastKnownFileType = sourcecode.c.objc; path = BlogcastrStyleSheet.m; sourceTree = "<group>"; };
		CA59CBA4132DE31C00416E4D /* logo~iphone.png */ = {isa = PBXFileReference; lastKnownFileType = image.png; path = "logo~iphone.png"; sourceTree = "<group>"; };
		CA59CBA6132DE32700416E4D /* logo@2x~iphone.png */ = {isa = PBXFileReference; lastKnownFileType = image.png; path = "logo@2x~iphone.png"; sourceTree = "<group>"; };
		CA74E0811351778F00788D04 /* RequestServer.h */ = {isa = PBXFileReference; fileEncoding = 4; lastKnownFileType = sourcecode.c.h; path = RequestServer.h; sourceTree = "<group>"; };
		CA74E0821351778F00788D04 /* RequestServer.m */ = {isa = PBXFileReference; fileEncoding = 4; lastKnownFileType = sourcecode.c.objc; path = RequestServer.m; sourceTree = "<group>"; };
		CA74E0B3135202B300788D04 /* Request.m */ = {isa = PBXFileReference; fileEncoding = 4; lastKnownFileType = sourcecode.c.objc; path = Request.m; sourceTree = "<group>"; };
		CA74E0C91352071D00788D04 /* BlogcastsRequest.h */ = {isa = PBXFileReference; fileEncoding = 4; lastKnownFileType = sourcecode.c.h; path = BlogcastsRequest.h; sourceTree = "<group>"; };
		CA74E0CA1352071D00788D04 /* BlogcastsRequest.m */ = {isa = PBXFileReference; fileEncoding = 4; lastKnownFileType = sourcecode.c.objc; path = BlogcastsRequest.m; sourceTree = "<group>"; };
		CA74E2461353F3AF00788D04 /* Reachability.h */ = {isa = PBXFileReference; fileEncoding = 4; lastKnownFileType = sourcecode.c.h; path = Reachability.h; sourceTree = "<group>"; };
		CA74E2471353F3AF00788D04 /* Reachability.m */ = {isa = PBXFileReference; fileEncoding = 4; lastKnownFileType = sourcecode.c.objc; path = Reachability.m; sourceTree = "<group>"; };
		CA74E2491353F3F000788D04 /* ASIAuthenticationDialog.h */ = {isa = PBXFileReference; fileEncoding = 4; lastKnownFileType = sourcecode.c.h; path = ASIAuthenticationDialog.h; sourceTree = "<group>"; };
		CA74E24A1353F3F000788D04 /* ASIAuthenticationDialog.m */ = {isa = PBXFileReference; fileEncoding = 4; lastKnownFileType = sourcecode.c.objc; path = ASIAuthenticationDialog.m; sourceTree = "<group>"; };
		CA74E24B1353F3F000788D04 /* ASICacheDelegate.h */ = {isa = PBXFileReference; fileEncoding = 4; lastKnownFileType = sourcecode.c.h; path = ASICacheDelegate.h; sourceTree = "<group>"; };
		CA74E24C1353F3F000788D04 /* ASIDataCompressor.h */ = {isa = PBXFileReference; fileEncoding = 4; lastKnownFileType = sourcecode.c.h; path = ASIDataCompressor.h; sourceTree = "<group>"; };
		CA74E24D1353F3F000788D04 /* ASIDataCompressor.m */ = {isa = PBXFileReference; fileEncoding = 4; lastKnownFileType = sourcecode.c.objc; path = ASIDataCompressor.m; sourceTree = "<group>"; };
		CA74E24E1353F3F000788D04 /* ASIDataDecompressor.h */ = {isa = PBXFileReference; fileEncoding = 4; lastKnownFileType = sourcecode.c.h; path = ASIDataDecompressor.h; sourceTree = "<group>"; };
		CA74E24F1353F3F000788D04 /* ASIDataDecompressor.m */ = {isa = PBXFileReference; fileEncoding = 4; lastKnownFileType = sourcecode.c.objc; path = ASIDataDecompressor.m; sourceTree = "<group>"; };
		CA74E2501353F3F000788D04 /* ASIDownloadCache.h */ = {isa = PBXFileReference; fileEncoding = 4; lastKnownFileType = sourcecode.c.h; path = ASIDownloadCache.h; sourceTree = "<group>"; };
		CA74E2511353F3F000788D04 /* ASIDownloadCache.m */ = {isa = PBXFileReference; fileEncoding = 4; lastKnownFileType = sourcecode.c.objc; path = ASIDownloadCache.m; sourceTree = "<group>"; };
		CA74E2521353F3F000788D04 /* ASIFormDataRequest.h */ = {isa = PBXFileReference; fileEncoding = 4; lastKnownFileType = sourcecode.c.h; path = ASIFormDataRequest.h; sourceTree = "<group>"; };
		CA74E2531353F3F000788D04 /* ASIFormDataRequest.m */ = {isa = PBXFileReference; fileEncoding = 4; lastKnownFileType = sourcecode.c.objc; path = ASIFormDataRequest.m; sourceTree = "<group>"; };
		CA74E2541353F3F000788D04 /* ASIHTTPRequest.h */ = {isa = PBXFileReference; fileEncoding = 4; lastKnownFileType = sourcecode.c.h; path = ASIHTTPRequest.h; sourceTree = "<group>"; };
		CA74E2551353F3F000788D04 /* ASIHTTPRequest.m */ = {isa = PBXFileReference; fileEncoding = 4; lastKnownFileType = sourcecode.c.objc; path = ASIHTTPRequest.m; sourceTree = "<group>"; };
		CA74E2561353F3F000788D04 /* ASIHTTPRequestConfig.h */ = {isa = PBXFileReference; fileEncoding = 4; lastKnownFileType = sourcecode.c.h; path = ASIHTTPRequestConfig.h; sourceTree = "<group>"; };
		CA74E2571353F3F000788D04 /* ASIHTTPRequestDelegate.h */ = {isa = PBXFileReference; fileEncoding = 4; lastKnownFileType = sourcecode.c.h; path = ASIHTTPRequestDelegate.h; sourceTree = "<group>"; };
		CA74E2581353F3F000788D04 /* ASIInputStream.h */ = {isa = PBXFileReference; fileEncoding = 4; lastKnownFileType = sourcecode.c.h; path = ASIInputStream.h; sourceTree = "<group>"; };
		CA74E2591353F3F000788D04 /* ASIInputStream.m */ = {isa = PBXFileReference; fileEncoding = 4; lastKnownFileType = sourcecode.c.objc; path = ASIInputStream.m; sourceTree = "<group>"; };
		CA74E25A1353F3F000788D04 /* ASINetworkQueue.h */ = {isa = PBXFileReference; fileEncoding = 4; lastKnownFileType = sourcecode.c.h; path = ASINetworkQueue.h; sourceTree = "<group>"; };
		CA74E2621353F3FB00788D04 /* ASINetworkQueue.m */ = {isa = PBXFileReference; fileEncoding = 4; lastKnownFileType = sourcecode.c.objc; path = ASINetworkQueue.m; sourceTree = "<group>"; };
		CA74E2631353F3FB00788D04 /* ASIProgressDelegate.h */ = {isa = PBXFileReference; fileEncoding = 4; lastKnownFileType = sourcecode.c.h; path = ASIProgressDelegate.h; sourceTree = "<group>"; };
		CA74E27F1353F54500788D04 /* CFNetwork.framework */ = {isa = PBXFileReference; lastKnownFileType = wrapper.framework; name = CFNetwork.framework; path = System/Library/Frameworks/CFNetwork.framework; sourceTree = SDKROOT; };
		CA74E2811353F55B00788D04 /* SystemConfiguration.framework */ = {isa = PBXFileReference; lastKnownFileType = wrapper.framework; name = SystemConfiguration.framework; path = System/Library/Frameworks/SystemConfiguration.framework; sourceTree = SDKROOT; };
		CA74E2831353F56B00788D04 /* MobileCoreServices.framework */ = {isa = PBXFileReference; lastKnownFileType = wrapper.framework; name = MobileCoreServices.framework; path = System/Library/Frameworks/MobileCoreServices.framework; sourceTree = SDKROOT; };
		CA74E2851353F58800788D04 /* libz.1.2.3.dylib */ = {isa = PBXFileReference; lastKnownFileType = "compiled.mach-o.dylib"; name = libz.1.2.3.dylib; path = usr/lib/libz.1.2.3.dylib; sourceTree = SDKROOT; };
		CA74E2901353F8F000788D04 /* MBProgressHUD.h */ = {isa = PBXFileReference; fileEncoding = 4; lastKnownFileType = sourcecode.c.h; path = MBProgressHUD.h; sourceTree = "<group>"; };
		CA74E2911353F8F000788D04 /* MBProgressHUD.m */ = {isa = PBXFileReference; fileEncoding = 4; lastKnownFileType = sourcecode.c.objc; path = MBProgressHUD.m; sourceTree = "<group>"; };
		CA74E2CB13553B8D00788D04 /* BlogcastsParser.h */ = {isa = PBXFileReference; fileEncoding = 4; lastKnownFileType = sourcecode.c.h; path = BlogcastsParser.h; sourceTree = "<group>"; };
		CA74E2CC13553B8D00788D04 /* BlogcastsParser.m */ = {isa = PBXFileReference; fileEncoding = 4; lastKnownFileType = sourcecode.c.objc; path = BlogcastsParser.m; sourceTree = "<group>"; };
		CA74E2FA13569FA800788D04 /* BlogcastStreamCell.h */ = {isa = PBXFileReference; fileEncoding = 4; lastKnownFileType = sourcecode.c.h; name = BlogcastStreamCell.h; path = Shared/BlogcastStreamCell.h; sourceTree = "<group>"; };
		CA74E2FB13569FA800788D04 /* BlogcastStreamCell.m */ = {isa = PBXFileReference; fileEncoding = 4; lastKnownFileType = sourcecode.c.objc; name = BlogcastStreamCell.m; path = Shared/BlogcastStreamCell.m; sourceTree = "<group>"; };
		CA9A456F13612B4B00E10E51 /* SettingsParser.h */ = {isa = PBXFileReference; fileEncoding = 4; lastKnownFileType = sourcecode.c.h; path = SettingsParser.h; sourceTree = "<group>"; };
		CA9A457013612B4B00E10E51 /* SettingsParser.m */ = {isa = PBXFileReference; fileEncoding = 4; lastKnownFileType = sourcecode.c.objc; path = SettingsParser.m; sourceTree = "<group>"; };
		CA9A4670136368F500E10E51 /* NewBlogcastController.h */ = {isa = PBXFileReference; fileEncoding = 4; lastKnownFileType = sourcecode.c.h; path = NewBlogcastController.h; sourceTree = "<group>"; };
		CA9A4671136368F500E10E51 /* NewBlogcastController.m */ = {isa = PBXFileReference; fileEncoding = 4; lastKnownFileType = sourcecode.c.objc; path = NewBlogcastController.m; sourceTree = "<group>"; };
		CA9A47651366709600E10E51 /* DatePickerController.h */ = {isa = PBXFileReference; fileEncoding = 4; lastKnownFileType = sourcecode.c.h; path = DatePickerController.h; sourceTree = "<group>"; };
		CA9A47661366709600E10E51 /* DatePickerController.m */ = {isa = PBXFileReference; fileEncoding = 4; lastKnownFileType = sourcecode.c.objc; path = DatePickerController.m; sourceTree = "<group>"; };
		CA9A4855136926C600E10E51 /* TextViewWithPlaceholder.h */ = {isa = PBXFileReference; fileEncoding = 4; lastKnownFileType = sourcecode.c.h; path = TextViewWithPlaceholder.h; sourceTree = "<group>"; };
		CA9A4856136926C600E10E51 /* TextViewWithPlaceholder.m */ = {isa = PBXFileReference; fileEncoding = 4; lastKnownFileType = sourcecode.c.objc; path = TextViewWithPlaceholder.m; sourceTree = "<group>"; };
		CA9A49AA136C87F400E10E51 /* DashboardController.h */ = {isa = PBXFileReference; fileEncoding = 4; lastKnownFileType = sourcecode.c.h; path = DashboardController.h; sourceTree = "<group>"; };
		CA9A49AB136C87F400E10E51 /* DashboardController.m */ = {isa = PBXFileReference; fileEncoding = 4; lastKnownFileType = sourcecode.c.objc; path = DashboardController.m; sourceTree = "<group>"; };
		CA9A49D3136C958C00E10E51 /* PostsController.h */ = {isa = PBXFileReference; fileEncoding = 4; lastKnownFileType = sourcecode.c.h; path = PostsController.h; sourceTree = "<group>"; };
		CA9A49D4136C958C00E10E51 /* PostsController.m */ = {isa = PBXFileReference; fileEncoding = 4; lastKnownFileType = sourcecode.c.objc; path = PostsController.m; sourceTree = "<group>"; };
		CA9A4B46136E225A00E10E51 /* NewTextPostController.h */ = {isa = PBXFileReference; fileEncoding = 4; lastKnownFileType = sourcecode.c.h; path = NewTextPostController.h; sourceTree = "<group>"; };
		CA9A4B47136E225A00E10E51 /* NewTextPostController.m */ = {isa = PBXFileReference; fileEncoding = 4; lastKnownFileType = sourcecode.c.objc; path = NewTextPostController.m; sourceTree = "<group>"; };
		CAC184F1134A94E0006DF673 /* BlogcastrTableViewCell.h */ = {isa = PBXFileReference; fileEncoding = 4; lastKnownFileType = sourcecode.c.h; path = BlogcastrTableViewCell.h; sourceTree = "<group>"; };
		CAC184F2134A94E0006DF673 /* BlogcastrTableViewCell.m */ = {isa = PBXFileReference; fileEncoding = 4; lastKnownFileType = sourcecode.c.objc; path = BlogcastrTableViewCell.m; sourceTree = "<group>"; };
		CAC18752134EB52F006DF673 /* NSDate+Timestamp.h */ = {isa = PBXFileReference; fileEncoding = 4; lastKnownFileType = sourcecode.c.h; path = "NSDate+Timestamp.h"; sourceTree = "<group>"; };
		CAC18753134EB52F006DF673 /* NSDate+Timestamp.m */ = {isa = PBXFileReference; fileEncoding = 4; lastKnownFileType = sourcecode.c.objc; path = "NSDate+Timestamp.m"; sourceTree = "<group>"; };
		CAFA7C921346F9230077AD98 /* avatar.png */ = {isa = PBXFileReference; lastKnownFileType = image.png; path = avatar.png; sourceTree = "<group>"; };
		CAFA7CA713477C020077AD98 /* BlogcastsController.h */ = {isa = PBXFileReference; fileEncoding = 4; lastKnownFileType = sourcecode.c.h; name = BlogcastsController.h; path = Shared/BlogcastsController.h; sourceTree = "<group>"; };
		CAFA7CA813477C020077AD98 /* BlogcastsController.m */ = {isa = PBXFileReference; fileEncoding = 4; lastKnownFileType = sourcecode.c.objc; name = BlogcastsController.m; path = Shared/BlogcastsController.m; sourceTree = "<group>"; };
		CAFA7E3D134951160077AD98 /* Blogcast.h */ = {isa = PBXFileReference; fileEncoding = 4; lastKnownFileType = sourcecode.c.h; name = Blogcast.h; path = Shared/Blogcast.h; sourceTree = "<group>"; };
		CAFA7E3E134951170077AD98 /* Blogcast.m */ = {isa = PBXFileReference; fileEncoding = 4; lastKnownFileType = sourcecode.c.objc; name = Blogcast.m; path = Shared/Blogcast.m; sourceTree = "<group>"; };
/* End PBXFileReference section */

/* Begin PBXFrameworksBuildPhase section */
		1D60588F0D05DD3D006BFB54 /* Frameworks */ = {
			isa = PBXFrameworksBuildPhase;
			buildActionMask = 2147483647;
			files = (
				3201088596B4756681693705 /* libThree20UICommon.a in Frameworks */,
				320D7DCCE32703ACAB9A45E5 /* libThree20.a in Frameworks */,
				320A737074758E53BA54BE95 /* libThree20UINavigator.a in Frameworks */,
				320A2827FEC940B25BC42C65 /* libThree20Core.a in Frameworks */,
				320F2C48872C2E2C4DF86205 /* libThree20UI.a in Frameworks */,
				320AF8492C47A4D819F7C451 /* QuartzCore.framework in Frameworks */,
				320A5A189C235877202780D5 /* libThree20Network.a in Frameworks */,
				320CC833B8AF0ACFD35E6225 /* libThree20Style.a in Frameworks */,
				1D60589F0D05DD5A006BFB54 /* Foundation.framework in Frameworks */,
				1DF5F4E00D08C38300B7A737 /* UIKit.framework in Frameworks */,
				288765FD0DF74451002DB57D /* CoreGraphics.framework in Frameworks */,
				28EEBFDD1118E19E00187D67 /* CoreData.framework in Frameworks */,
				CA74E2801353F54500788D04 /* CFNetwork.framework in Frameworks */,
				CA74E2821353F55B00788D04 /* SystemConfiguration.framework in Frameworks */,
				CA74E2841353F56B00788D04 /* MobileCoreServices.framework in Frameworks */,
				CA74E2861353F58800788D04 /* libz.1.2.3.dylib in Frameworks */,
			);
			runOnlyForDeploymentPostprocessing = 0;
		};
/* End PBXFrameworksBuildPhase section */

/* Begin PBXGroup section */
		19C28FACFE9D520D11CA2CBB /* Products */ = {
			isa = PBXGroup;
			children = (
				1D6058910D05DD3D006BFB54 /* Blogcastr.app */,
			);
			name = Products;
			sourceTree = "<group>";
		};
		2860E386111B897F00E27156 /* iPhone */ = {
			isa = PBXGroup;
			children = (
				2860E387111B897F00E27156 /* AppDelegate_iPhone.h */,
				2860E388111B897F00E27156 /* AppDelegate_iPhone.m */,
				CA9A49AA136C87F400E10E51 /* DashboardController.h */,
				CA9A49AB136C87F400E10E51 /* DashboardController.m */,
				CA59BE5A13199D7A00416E4D /* HomeController.h */,
				CA59BE5B13199D7A00416E4D /* HomeController.m */,
				CA59CBA4132DE31C00416E4D /* logo~iphone.png */,
				CA59CBA6132DE32700416E4D /* logo@2x~iphone.png */,
				2860E389111B897F00E27156 /* MainWindow_iPhone.xib */,
				CA9A4B46136E225A00E10E51 /* NewTextPostController.h */,
				CA9A4B47136E225A00E10E51 /* NewTextPostController.m */,
				CA9A49D3136C958C00E10E51 /* PostsController.h */,
				CA9A49D4136C958C00E10E51 /* PostsController.m */,
				CA59BCB3131381E900416E4D /* RootController_iPhone.h */,
				CA59BCB4131381E900416E4D /* RootController_iPhone.m */,
				CA59BBFE131339F600416E4D /* SignInView_iPhone.xib */,
				CA59BDBC1318D68100416E4D /* TabToolbarController.h */,
				CA59BDBD1318D68100416E4D /* TabToolbarController.m */,
				CA59BE1413198E1F00416E4D /* TabToolbar.xib */,
			);
			path = iPhone;
			sourceTree = "<group>";
		};
		28EEBF621118D79A00187D67 /* Shared */ = {
			isa = PBXGroup;
			children = (
				28EEC0491118E28000187D67 /* AppDelegate_Shared.h */,
				28EEC04A1118E28000187D67 /* AppDelegate_Shared.m */,
				CAFA7C921346F9230077AD98 /* avatar.png */,
				CAFA7E3D134951160077AD98 /* Blogcast.h */,
				CAFA7E3E134951170077AD98 /* Blogcast.m */,
				2819307C112F81BE00ECF9B4 /* Blogcastr.xcdatamodeld */,
				CA59C916132C5D3900416E4D /* BlogcastrStyleSheet.h */,
				CA59C917132C5D3900416E4D /* BlogcastrStyleSheet.m */,
				CAC184F1134A94E0006DF673 /* BlogcastrTableViewCell.h */,
				CAC184F2134A94E0006DF673 /* BlogcastrTableViewCell.m */,
				CAFA7CA713477C020077AD98 /* BlogcastsController.h */,
				CAFA7CA813477C020077AD98 /* BlogcastsController.m */,
				CA74E2FA13569FA800788D04 /* BlogcastStreamCell.h */,
				CA74E2FB13569FA800788D04 /* BlogcastStreamCell.m */,
				CA9A47651366709600E10E51 /* DatePickerController.h */,
				CA9A47661366709600E10E51 /* DatePickerController.m */,
				CA58CC0A13415F0E00BBC5D9 /* ImageViewerController.h */,
				CA58CC0B13415F0E00BBC5D9 /* ImageViewerController.m */,
				CA74E0AA1351FF1500788D04 /* Requests */,
				CA9A4670136368F500E10E51 /* NewBlogcastController.h */,
				CA9A4671136368F500E10E51 /* NewBlogcastController.m */,
				CAC18752134EB52F006DF673 /* NSDate+Timestamp.h */,
				CAC18753134EB52F006DF673 /* NSDate+Timestamp.m */,
				CA59BC0013133A0D00416E4D /* Session.h */,
				CA59BC0113133A0D00416E4D /* Session.m */,
				CA59C57D1325D7ED00416E4D /* Settings.h */,
				CA59C57E1325D7ED00416E4D /* Settings.m */,
				CA59BE961319BA2E00416E4D /* SignInController.h */,
				CA59BE971319BA2E00416E4D /* SignInController.m */,
				CA59BCBA131384ED00416E4D /* SettingsController.h */,
				CA59BCBB131384ED00416E4D /* SettingsController.m */,
				CA58CB67133E78FA00BBC5D9 /* Three20.bundle */,
				CA9A4855136926C600E10E51 /* TextViewWithPlaceholder.h */,
				CA9A4856136926C600E10E51 /* TextViewWithPlaceholder.m */,
				CA59C5781325D6AA00416E4D /* User.h */,
				CA59C5791325D6AA00416E4D /* User.m */,
				CA59C38C1322FCE500416E4D /* UserController.h */,
				CA59C38D1322FCE500416E4D /* UserController.m */,
				8D1107310486CEB800E47090 /* Blogcastr-Info.plist */,
			);
			name = Shared;
			sourceTree = "<group>";
		};
		29B97314FDCFA39411CA2CEA /* CustomTemplate */ = {
			isa = PBXGroup;
			children = (
				2860E386111B897F00E27156 /* iPhone */,
				29B97317FDCFA39411CA2CEA /* iPad */,
				28EEBF621118D79A00187D67 /* Shared */,
				CA74E2441353F32D00788D04 /* ASIHTTPRequest */,
				CA74E28F1353F8F000788D04 /* MBProgressHUD */,
				CA74E2C813553A6000788D04 /* Parser */,
				29B97315FDCFA39411CA2CEA /* Other Sources */,
				29B97323FDCFA39411CA2CEA /* Frameworks */,
				19C28FACFE9D520D11CA2CBB /* Products */,
				CA74E27F1353F54500788D04 /* CFNetwork.framework */,
				CA74E2811353F55B00788D04 /* SystemConfiguration.framework */,
				CA74E2831353F56B00788D04 /* MobileCoreServices.framework */,
				CA74E2851353F58800788D04 /* libz.1.2.3.dylib */,
			);
			name = CustomTemplate;
			sourceTree = "<group>";
		};
		29B97315FDCFA39411CA2CEA /* Other Sources */ = {
			isa = PBXGroup;
			children = (
				32CA4F630368D1EE00C91783 /* Blogcastr_Prefix.pch */,
				29B97316FDCFA39411CA2CEA /* main.m */,
			);
			name = "Other Sources";
			sourceTree = "<group>";
		};
		29B97317FDCFA39411CA2CEA /* iPad */ = {
			isa = PBXGroup;
			children = (
				1D3623240D0F684500981E51 /* AppDelegate_iPad.h */,
				1D3623250D0F684500981E51 /* AppDelegate_iPad.m */,
				28AD733E0D9D9553002E5188 /* MainWindow_iPad.xib */,
			);
			name = iPad;
			sourceTree = "<group>";
		};
		29B97323FDCFA39411CA2CEA /* Frameworks */ = {
			isa = PBXGroup;
			children = (
				3201088596B4756681693700 /* Three20UICommon.xcodeproj */,
				320D7DCCE32703ACAB9A45E0 /* Three20.xcodeproj */,
				320A737074758E53BA54BE90 /* Three20UINavigator.xcodeproj */,
				320A2827FEC940B25BC42C60 /* Three20Core.xcodeproj */,
				320F2C48872C2E2C4DF86200 /* Three20UI.xcodeproj */,
				320AF8492C47A4D819F7C450 /* QuartzCore.framework */,
				320A5A189C235877202780D0 /* Three20Network.xcodeproj */,
				320CC833B8AF0ACFD35E6220 /* Three20Style.xcodeproj */,
				1DF5F4DF0D08C38300B7A737 /* UIKit.framework */,
				1D30AB110D05D00D00671497 /* Foundation.framework */,
				288765FC0DF74451002DB57D /* CoreGraphics.framework */,
				28EEBFDC1118E19E00187D67 /* CoreData.framework */,
			);
			name = Frameworks;
			sourceTree = "<group>";
		};
		3201088596B4756681693703 /* Products */ = {
			isa = PBXGroup;
			children = (
				3201088596B4756681693704 /* libThree20UICommon.a */,
				CA59C83C132BDD1400416E4D /* UICommonUnitTests.octest */,
			);
			name = Products;
			sourceTree = "<group>";
		};
		320A2827FEC940B25BC42C63 /* Products */ = {
			isa = PBXGroup;
			children = (
				320A2827FEC940B25BC42C64 /* libThree20Core.a */,
				CA59C845132BDD1400416E4D /* CoreUnitTests.octest */,
			);
			name = Products;
			sourceTree = "<group>";
		};
		320A5A189C235877202780D3 /* Products */ = {
			isa = PBXGroup;
			children = (
				320A5A189C235877202780D4 /* libThree20Network.a */,
				CA59C84B132BDD1400416E4D /* NetworkUnitTests.octest */,
			);
			name = Products;
			sourceTree = "<group>";
		};
		320A737074758E53BA54BE93 /* Products */ = {
			isa = PBXGroup;
			children = (
				320A737074758E53BA54BE94 /* libThree20UINavigator.a */,
				CA59C842132BDD1400416E4D /* UINavigatorUnitTests.octest */,
			);
			name = Products;
			sourceTree = "<group>";
		};
		320CC833B8AF0ACFD35E6223 /* Products */ = {
			isa = PBXGroup;
			children = (
				320CC833B8AF0ACFD35E6224 /* libThree20Style.a */,
				CA59C84E132BDD1400416E4D /* StyleUnitTests.octest */,
			);
			name = Products;
			sourceTree = "<group>";
		};
		320D7DCCE32703ACAB9A45E3 /* Products */ = {
			isa = PBXGroup;
			children = (
				320D7DCCE32703ACAB9A45E4 /* libThree20.a */,
				CA59C83F132BDD1400416E4D /* Three20UnitTests.octest */,
			);
			name = Products;
			sourceTree = "<group>";
		};
		320F2C48872C2E2C4DF86203 /* Products */ = {
			isa = PBXGroup;
			children = (
				320F2C48872C2E2C4DF86204 /* libThree20UI.a */,
				CA59C848132BDD1400416E4D /* UIUnitTests.octest */,
			);
			name = Products;
			sourceTree = "<group>";
		};
		CA74E0AA1351FF1500788D04 /* Requests */ = {
			isa = PBXGroup;
			children = (
				CA74E0C91352071D00788D04 /* BlogcastsRequest.h */,
				CA74E0CA1352071D00788D04 /* BlogcastsRequest.m */,
				CA59C51E132453CD00416E4D /* Request.h */,
				CA74E0B3135202B300788D04 /* Request.m */,
				CA74E0811351778F00788D04 /* RequestServer.h */,
				CA74E0821351778F00788D04 /* RequestServer.m */,
			);
			name = Requests;
			sourceTree = "<group>";
		};
		CA74E2441353F32D00788D04 /* ASIHTTPRequest */ = {
			isa = PBXGroup;
			children = (
				CA74E2491353F3F000788D04 /* ASIAuthenticationDialog.h */,
				CA74E24A1353F3F000788D04 /* ASIAuthenticationDialog.m */,
				CA74E24B1353F3F000788D04 /* ASICacheDelegate.h */,
				CA74E24C1353F3F000788D04 /* ASIDataCompressor.h */,
				CA74E24D1353F3F000788D04 /* ASIDataCompressor.m */,
				CA74E24E1353F3F000788D04 /* ASIDataDecompressor.h */,
				CA74E24F1353F3F000788D04 /* ASIDataDecompressor.m */,
				CA74E2501353F3F000788D04 /* ASIDownloadCache.h */,
				CA74E2511353F3F000788D04 /* ASIDownloadCache.m */,
				CA74E2521353F3F000788D04 /* ASIFormDataRequest.h */,
				CA74E2531353F3F000788D04 /* ASIFormDataRequest.m */,
				CA74E2541353F3F000788D04 /* ASIHTTPRequest.h */,
				CA74E2551353F3F000788D04 /* ASIHTTPRequest.m */,
				CA74E2561353F3F000788D04 /* ASIHTTPRequestConfig.h */,
				CA74E2571353F3F000788D04 /* ASIHTTPRequestDelegate.h */,
				CA74E2581353F3F000788D04 /* ASIInputStream.h */,
				CA74E2591353F3F000788D04 /* ASIInputStream.m */,
				CA74E2621353F3FB00788D04 /* ASINetworkQueue.m */,
				CA74E25A1353F3F000788D04 /* ASINetworkQueue.h */,
				CA74E2631353F3FB00788D04 /* ASIProgressDelegate.h */,
				CA74E2461353F3AF00788D04 /* Reachability.h */,
				CA74E2471353F3AF00788D04 /* Reachability.m */,
			);
			path = ASIHTTPRequest;
			sourceTree = "<group>";
		};
		CA74E28F1353F8F000788D04 /* MBProgressHUD */ = {
			isa = PBXGroup;
			children = (
				CA74E2901353F8F000788D04 /* MBProgressHUD.h */,
				CA74E2911353F8F000788D04 /* MBProgressHUD.m */,
			);
			path = MBProgressHUD;
			sourceTree = "<group>";
		};
		CA74E2C813553A6000788D04 /* Parser */ = {
			isa = PBXGroup;
			children = (
				CA74E2CB13553B8D00788D04 /* BlogcastsParser.h */,
				CA74E2CC13553B8D00788D04 /* BlogcastsParser.m */,
				CA9A456F13612B4B00E10E51 /* SettingsParser.h */,
				CA9A457013612B4B00E10E51 /* SettingsParser.m */,
			);
			path = Parser;
			sourceTree = "<group>";
		};
/* End PBXGroup section */

/* Begin PBXNativeTarget section */
		1D6058900D05DD3D006BFB54 /* Blogcastr */ = {
			isa = PBXNativeTarget;
			buildConfigurationList = 1D6058960D05DD3E006BFB54 /* Build configuration list for PBXNativeTarget "Blogcastr" */;
			buildPhases = (
				1D60588D0D05DD3D006BFB54 /* Resources */,
				1D60588E0D05DD3D006BFB54 /* Sources */,
				1D60588F0D05DD3D006BFB54 /* Frameworks */,
			);
			buildRules = (
			);
			dependencies = (
				3201088596B4756681693701 /* PBXTargetDependency */,
				320D7DCCE32703ACAB9A45E1 /* PBXTargetDependency */,
				320A737074758E53BA54BE91 /* PBXTargetDependency */,
				320A2827FEC940B25BC42C61 /* PBXTargetDependency */,
				320F2C48872C2E2C4DF86201 /* PBXTargetDependency */,
				320A5A189C235877202780D1 /* PBXTargetDependency */,
				320CC833B8AF0ACFD35E6221 /* PBXTargetDependency */,
			);
			name = Blogcastr;
			productName = Blogcastr;
			productReference = 1D6058910D05DD3D006BFB54 /* Blogcastr.app */;
			productType = "com.apple.product-type.application";
		};
/* End PBXNativeTarget section */

/* Begin PBXProject section */
		29B97313FDCFA39411CA2CEA /* Project object */ = {
			isa = PBXProject;
			buildConfigurationList = C01FCF4E08A954540054247B /* Build configuration list for PBXProject "Blogcastr" */;
			compatibilityVersion = "Xcode 3.1";
			developmentRegion = English;
			hasScannedForEncodings = 1;
			knownRegions = (
				English,
				Japanese,
				French,
				German,
			);
			mainGroup = 29B97314FDCFA39411CA2CEA /* CustomTemplate */;
			projectDirPath = "";
			projectReferences = (
				{
					ProductGroup = 320D7DCCE32703ACAB9A45E3 /* Products */;
					ProjectRef = 320D7DCCE32703ACAB9A45E0 /* Three20.xcodeproj */;
				},
				{
					ProductGroup = 320A2827FEC940B25BC42C63 /* Products */;
					ProjectRef = 320A2827FEC940B25BC42C60 /* Three20Core.xcodeproj */;
				},
				{
					ProductGroup = 320A5A189C235877202780D3 /* Products */;
					ProjectRef = 320A5A189C235877202780D0 /* Three20Network.xcodeproj */;
				},
				{
					ProductGroup = 320CC833B8AF0ACFD35E6223 /* Products */;
					ProjectRef = 320CC833B8AF0ACFD35E6220 /* Three20Style.xcodeproj */;
				},
				{
					ProductGroup = 320F2C48872C2E2C4DF86203 /* Products */;
					ProjectRef = 320F2C48872C2E2C4DF86200 /* Three20UI.xcodeproj */;
				},
				{
					ProductGroup = 3201088596B4756681693703 /* Products */;
					ProjectRef = 3201088596B4756681693700 /* Three20UICommon.xcodeproj */;
				},
				{
					ProductGroup = 320A737074758E53BA54BE93 /* Products */;
					ProjectRef = 320A737074758E53BA54BE90 /* Three20UINavigator.xcodeproj */;
				},
			);
			projectRoot = "";
			targets = (
				1D6058900D05DD3D006BFB54 /* Blogcastr */,
			);
		};
/* End PBXProject section */

/* Begin PBXReferenceProxy section */
		3201088596B4756681693704 /* libThree20UICommon.a */ = {
			isa = PBXReferenceProxy;
			fileType = archive.ar;
			path = libThree20UICommon.a;
			remoteRef = 3201088596B4756681693706 /* PBXContainerItemProxy */;
			sourceTree = BUILT_PRODUCTS_DIR;
		};
		320A2827FEC940B25BC42C64 /* libThree20Core.a */ = {
			isa = PBXReferenceProxy;
			fileType = archive.ar;
			path = libThree20Core.a;
			remoteRef = 320A2827FEC940B25BC42C66 /* PBXContainerItemProxy */;
			sourceTree = BUILT_PRODUCTS_DIR;
		};
		320A5A189C235877202780D4 /* libThree20Network.a */ = {
			isa = PBXReferenceProxy;
			fileType = archive.ar;
			path = libThree20Network.a;
			remoteRef = 320A5A189C235877202780D6 /* PBXContainerItemProxy */;
			sourceTree = BUILT_PRODUCTS_DIR;
		};
		320A737074758E53BA54BE94 /* libThree20UINavigator.a */ = {
			isa = PBXReferenceProxy;
			fileType = archive.ar;
			path = libThree20UINavigator.a;
			remoteRef = 320A737074758E53BA54BE96 /* PBXContainerItemProxy */;
			sourceTree = BUILT_PRODUCTS_DIR;
		};
		320CC833B8AF0ACFD35E6224 /* libThree20Style.a */ = {
			isa = PBXReferenceProxy;
			fileType = archive.ar;
			path = libThree20Style.a;
			remoteRef = 320CC833B8AF0ACFD35E6226 /* PBXContainerItemProxy */;
			sourceTree = BUILT_PRODUCTS_DIR;
		};
		320D7DCCE32703ACAB9A45E4 /* libThree20.a */ = {
			isa = PBXReferenceProxy;
			fileType = archive.ar;
			path = libThree20.a;
			remoteRef = 320D7DCCE32703ACAB9A45E6 /* PBXContainerItemProxy */;
			sourceTree = BUILT_PRODUCTS_DIR;
		};
		320F2C48872C2E2C4DF86204 /* libThree20UI.a */ = {
			isa = PBXReferenceProxy;
			fileType = archive.ar;
			path = libThree20UI.a;
			remoteRef = 320F2C48872C2E2C4DF86206 /* PBXContainerItemProxy */;
			sourceTree = BUILT_PRODUCTS_DIR;
		};
		CA59C83C132BDD1400416E4D /* UICommonUnitTests.octest */ = {
			isa = PBXReferenceProxy;
			fileType = wrapper.cfbundle;
			path = UICommonUnitTests.octest;
			remoteRef = CA59C83B132BDD1400416E4D /* PBXContainerItemProxy */;
			sourceTree = BUILT_PRODUCTS_DIR;
		};
		CA59C83F132BDD1400416E4D /* Three20UnitTests.octest */ = {
			isa = PBXReferenceProxy;
			fileType = wrapper.cfbundle;
			path = Three20UnitTests.octest;
			remoteRef = CA59C83E132BDD1400416E4D /* PBXContainerItemProxy */;
			sourceTree = BUILT_PRODUCTS_DIR;
		};
		CA59C842132BDD1400416E4D /* UINavigatorUnitTests.octest */ = {
			isa = PBXReferenceProxy;
			fileType = wrapper.cfbundle;
			path = UINavigatorUnitTests.octest;
			remoteRef = CA59C841132BDD1400416E4D /* PBXContainerItemProxy */;
			sourceTree = BUILT_PRODUCTS_DIR;
		};
		CA59C845132BDD1400416E4D /* CoreUnitTests.octest */ = {
			isa = PBXReferenceProxy;
			fileType = wrapper.cfbundle;
			path = CoreUnitTests.octest;
			remoteRef = CA59C844132BDD1400416E4D /* PBXContainerItemProxy */;
			sourceTree = BUILT_PRODUCTS_DIR;
		};
		CA59C848132BDD1400416E4D /* UIUnitTests.octest */ = {
			isa = PBXReferenceProxy;
			fileType = wrapper.cfbundle;
			path = UIUnitTests.octest;
			remoteRef = CA59C847132BDD1400416E4D /* PBXContainerItemProxy */;
			sourceTree = BUILT_PRODUCTS_DIR;
		};
		CA59C84B132BDD1400416E4D /* NetworkUnitTests.octest */ = {
			isa = PBXReferenceProxy;
			fileType = wrapper.cfbundle;
			path = NetworkUnitTests.octest;
			remoteRef = CA59C84A132BDD1400416E4D /* PBXContainerItemProxy */;
			sourceTree = BUILT_PRODUCTS_DIR;
		};
		CA59C84E132BDD1400416E4D /* StyleUnitTests.octest */ = {
			isa = PBXReferenceProxy;
			fileType = wrapper.cfbundle;
			path = StyleUnitTests.octest;
			remoteRef = CA59C84D132BDD1400416E4D /* PBXContainerItemProxy */;
			sourceTree = BUILT_PRODUCTS_DIR;
		};
/* End PBXReferenceProxy section */

/* Begin PBXResourcesBuildPhase section */
		1D60588D0D05DD3D006BFB54 /* Resources */ = {
			isa = PBXResourcesBuildPhase;
			buildActionMask = 2147483647;
			files = (
				28AD733F0D9D9553002E5188 /* MainWindow_iPad.xib in Resources */,
				2860E38B111B897F00E27156 /* MainWindow_iPhone.xib in Resources */,
				CA59BBFF131339F600416E4D /* SignInView_iPhone.xib in Resources */,
				CA59BE1513198E1F00416E4D /* TabToolbar.xib in Resources */,
				CA59CBA5132DE31C00416E4D /* logo~iphone.png in Resources */,
				CA59CBA7132DE32700416E4D /* logo@2x~iphone.png in Resources */,
				CA58CB68133E78FA00BBC5D9 /* Three20.bundle in Resources */,
				CAFA7C931346F9230077AD98 /* avatar.png in Resources */,
			);
			runOnlyForDeploymentPostprocessing = 0;
		};
/* End PBXResourcesBuildPhase section */

/* Begin PBXSourcesBuildPhase section */
		1D60588E0D05DD3D006BFB54 /* Sources */ = {
			isa = PBXSourcesBuildPhase;
			buildActionMask = 2147483647;
			files = (
				1D60589B0D05DD56006BFB54 /* main.m in Sources */,
				1D3623260D0F684500981E51 /* AppDelegate_iPad.m in Sources */,
				28EEC04B1118E28000187D67 /* AppDelegate_Shared.m in Sources */,
				2819307D112F81BE00ECF9B4 /* Blogcastr.xcdatamodeld in Sources */,
				2860E38A111B897F00E27156 /* AppDelegate_iPhone.m in Sources */,
				CA59BC0513133A0D00416E4D /* Session.m in Sources */,
				CA59BCB6131381E900416E4D /* RootController_iPhone.m in Sources */,
				CA59BCBC131384ED00416E4D /* SettingsController.m in Sources */,
				CA59BDBE1318D68100416E4D /* TabToolbarController.m in Sources */,
				CA59BE5D13199D7A00416E4D /* HomeController.m in Sources */,
				CA59BE991319BA2E00416E4D /* SignInController.m in Sources */,
				CA59C38E1322FCE500416E4D /* UserController.m in Sources */,
				CA59C57A1325D6AA00416E4D /* User.m in Sources */,
				CA59C57F1325D7ED00416E4D /* Settings.m in Sources */,
				CA59C918132C5D3900416E4D /* BlogcastrStyleSheet.m in Sources */,
				CA58CC0C13415F0E00BBC5D9 /* ImageViewerController.m in Sources */,
				CAFA7CA913477C020077AD98 /* BlogcastsController.m in Sources */,
				CAFA7E3F134951170077AD98 /* Blogcast.m in Sources */,
				CAC184F3134A94E0006DF673 /* BlogcastrTableViewCell.m in Sources */,
				CAC18754134EB52F006DF673 /* NSDate+Timestamp.m in Sources */,
				CA74E0831351778F00788D04 /* RequestServer.m in Sources */,
				CA74E0B4135202B300788D04 /* Request.m in Sources */,
				CA74E0CB1352071D00788D04 /* BlogcastsRequest.m in Sources */,
				CA74E2481353F3AF00788D04 /* Reachability.m in Sources */,
				CA74E25B1353F3F000788D04 /* ASIAuthenticationDialog.m in Sources */,
				CA74E25C1353F3F000788D04 /* ASIDataCompressor.m in Sources */,
				CA74E25D1353F3F000788D04 /* ASIDataDecompressor.m in Sources */,
				CA74E25E1353F3F000788D04 /* ASIDownloadCache.m in Sources */,
				CA74E25F1353F3F000788D04 /* ASIFormDataRequest.m in Sources */,
				CA74E2601353F3F000788D04 /* ASIHTTPRequest.m in Sources */,
				CA74E2611353F3F000788D04 /* ASIInputStream.m in Sources */,
				CA74E2641353F3FB00788D04 /* ASINetworkQueue.m in Sources */,
				CA74E2921353F8F000788D04 /* MBProgressHUD.m in Sources */,
				CA74E2CD13553B8D00788D04 /* BlogcastsParser.m in Sources */,
				CA74E2FC13569FA800788D04 /* BlogcastStreamCell.m in Sources */,
				CA9A457113612B4B00E10E51 /* SettingsParser.m in Sources */,
				CA9A4672136368F500E10E51 /* NewBlogcastController.m in Sources */,
				CA9A47671366709600E10E51 /* DatePickerController.m in Sources */,
				CA9A4857136926C600E10E51 /* TextViewWithPlaceholder.m in Sources */,
				CA9A49AC136C87F400E10E51 /* DashboardController.m in Sources */,
				CA9A49D5136C958C00E10E51 /* PostsController.m in Sources */,
				CA9A4B48136E225A00E10E51 /* NewTextPostController.m in Sources */,
			);
			runOnlyForDeploymentPostprocessing = 0;
		};
/* End PBXSourcesBuildPhase section */

/* Begin PBXTargetDependency section */
		3201088596B4756681693701 /* PBXTargetDependency */ = {
			isa = PBXTargetDependency;
			name = Three20UICommon;
			targetProxy = 3201088596B4756681693702 /* PBXContainerItemProxy */;
		};
		320A2827FEC940B25BC42C61 /* PBXTargetDependency */ = {
			isa = PBXTargetDependency;
			name = Three20Core;
			targetProxy = 320A2827FEC940B25BC42C62 /* PBXContainerItemProxy */;
		};
		320A5A189C235877202780D1 /* PBXTargetDependency */ = {
			isa = PBXTargetDependency;
			name = Three20Network;
			targetProxy = 320A5A189C235877202780D2 /* PBXContainerItemProxy */;
		};
		320A737074758E53BA54BE91 /* PBXTargetDependency */ = {
			isa = PBXTargetDependency;
			name = Three20UINavigator;
			targetProxy = 320A737074758E53BA54BE92 /* PBXContainerItemProxy */;
		};
		320CC833B8AF0ACFD35E6221 /* PBXTargetDependency */ = {
			isa = PBXTargetDependency;
			name = Three20Style;
			targetProxy = 320CC833B8AF0ACFD35E6222 /* PBXContainerItemProxy */;
		};
		320D7DCCE32703ACAB9A45E1 /* PBXTargetDependency */ = {
			isa = PBXTargetDependency;
			name = Three20;
			targetProxy = 320D7DCCE32703ACAB9A45E2 /* PBXContainerItemProxy */;
		};
		320F2C48872C2E2C4DF86201 /* PBXTargetDependency */ = {
			isa = PBXTargetDependency;
			name = Three20UI;
			targetProxy = 320F2C48872C2E2C4DF86202 /* PBXContainerItemProxy */;
		};
/* End PBXTargetDependency section */

/* Begin XCBuildConfiguration section */
		1D6058940D05DD3E006BFB54 /* Debug */ = {
			isa = XCBuildConfiguration;
			buildSettings = {
				ALWAYS_SEARCH_USER_PATHS = NO;
				COPY_PHASE_STRIP = NO;
				GCC_DYNAMIC_NO_PIC = NO;
				GCC_OPTIMIZATION_LEVEL = 0;
				GCC_PRECOMPILE_PREFIX_HEADER = YES;
				GCC_PREFIX_HEADER = Blogcastr_Prefix.pch;
				HEADER_SEARCH_PATHS = ../three20/Build/Products/three20;
				INFOPLIST_FILE = "Blogcastr-Info.plist";
				OTHER_LDFLAGS = "-ObjC";
				PRODUCT_NAME = Blogcastr;
			};
			name = Debug;
		};
		1D6058950D05DD3E006BFB54 /* Release */ = {
			isa = XCBuildConfiguration;
			buildSettings = {
				ALWAYS_SEARCH_USER_PATHS = NO;
				COPY_PHASE_STRIP = YES;
				GCC_PRECOMPILE_PREFIX_HEADER = YES;
				GCC_PREFIX_HEADER = Blogcastr_Prefix.pch;
				HEADER_SEARCH_PATHS = ../three20/Build/Products/three20;
				INFOPLIST_FILE = "Blogcastr-Info.plist";
				OTHER_LDFLAGS = "-ObjC";
				PRODUCT_NAME = Blogcastr;
				VALIDATE_PRODUCT = YES;
			};
			name = Release;
		};
		C01FCF4F08A954540054247B /* Debug */ = {
			isa = XCBuildConfiguration;
			buildSettings = {
				ARCHS = "$(ARCHS_STANDARD_32_BIT)";
				"CODE_SIGN_IDENTITY[sdk=iphoneos*]" = "iPhone Developer";
				GCC_C_LANGUAGE_STANDARD = c99;
				GCC_WARN_ABOUT_RETURN_TYPE = YES;
				GCC_WARN_UNUSED_VARIABLE = YES;
				OTHER_CFLAGS = "-DDEVEL";
				PREBINDING = NO;
				SDKROOT = iphoneos;
				TARGETED_DEVICE_FAMILY = "1,2";
			};
			name = Debug;
		};
		C01FCF5008A954540054247B /* Release */ = {
			isa = XCBuildConfiguration;
			buildSettings = {
				ARCHS = "$(ARCHS_STANDARD_32_BIT)";
				"CODE_SIGN_IDENTITY[sdk=iphoneos*]" = "iPhone Developer";
				GCC_C_LANGUAGE_STANDARD = c99;
				GCC_WARN_ABOUT_RETURN_TYPE = YES;
				GCC_WARN_UNUSED_VARIABLE = YES;
				OTHER_CFLAGS = "-DNS_BLOCK_ASSERTIONS=1";
				PREBINDING = NO;
				SDKROOT = iphoneos;
				TARGETED_DEVICE_FAMILY = "1,2";
			};
			name = Release;
		};
/* End XCBuildConfiguration section */

/* Begin XCConfigurationList section */
		1D6058960D05DD3E006BFB54 /* Build configuration list for PBXNativeTarget "Blogcastr" */ = {
			isa = XCConfigurationList;
			buildConfigurations = (
				1D6058940D05DD3E006BFB54 /* Debug */,
				1D6058950D05DD3E006BFB54 /* Release */,
			);
			defaultConfigurationIsVisible = 0;
			defaultConfigurationName = Release;
		};
		C01FCF4E08A954540054247B /* Build configuration list for PBXProject "Blogcastr" */ = {
			isa = XCConfigurationList;
			buildConfigurations = (
				C01FCF4F08A954540054247B /* Debug */,
				C01FCF5008A954540054247B /* Release */,
			);
			defaultConfigurationIsVisible = 0;
			defaultConfigurationName = Release;
		};
/* End XCConfigurationList section */

/* Begin XCVersionGroup section */
		2819307C112F81BE00ECF9B4 /* Blogcastr.xcdatamodeld */ = {
			isa = XCVersionGroup;
			children = (
				2870939E111907710040F596 /* Blogcastr.xcdatamodel */,
			);
			currentVersion = 2870939E111907710040F596 /* Blogcastr.xcdatamodel */;
			name = Blogcastr.xcdatamodeld;
			path = Shared/Blogcastr.xcdatamodeld;
			sourceTree = "<group>";
			versionGroupType = wrapper.xcdatamodel;
		};
/* End XCVersionGroup section */
	};
	rootObject = 29B97313FDCFA39411CA2CEA /* Project object */;
}
